
Microsoft Visual Studio Solution File, Format Version 12.00
# Visual Studio Version 17
VisualStudioVersion = 17.10.34707.107
MinimumVisualStudioVersion = 10.0.40219.1
Project("{FAE04EC0-301F-11D3-BF4B-00C04F79EFBC}") = "AutoType", "AutoType\AutoType.csproj", "{D27933A1-5D7A-4A8F-94F1-6D14065C97C9}"
EndProject
Global
	GlobalSection(SolutionConfigurationPlatforms) = preSolution
		Debug|Any CPU = Debug|Any CPU
		Release|Any CPU = Release|Any CPU
	EndGlobalSection
	GlobalSection(ProjectConfigurationPlatforms) = postSolution
		{D27933A1-5D7A-4A8F-94F1-6D14065C97C9}.Debug|Any CPU.ActiveCfg = Debug|Any CPU
		{D27933A1-5D7A-4A8F-94F1-6D14065C97C9}.Debug|Any CPU.Build.0 = Debug|Any CPU
		{D27933A1-5D7A-4A8F-94F1-6D14065C97C9}.Release|Any CPU.ActiveCfg = Release|Any CPU
		{D27933A1-5D7A-4A8F-94F1-6D14065C97C9}.Release|Any CPU.Build.0 = Release|Any CPU
	EndGlobalSection
	GlobalSection(SolutionProperties) = preSolution
		HideSolutionNode = FALSE
	EndGlobalSection
	GlobalSection(ExtensibilityGlobals) = postSolution
		SolutionGuid = {B9A69A26-030F-4564-B144-72FDBDA574A7}
	EndGlobalSection
EndGlobal
